
Microsoft Visual Studio Solution File, Format Version 12.00
# Visual Studio Version 17
VisualStudioVersion = 17.4.33122.133
MinimumVisualStudioVersion = 10.0.40219.1
Project("{FAE04EC0-301F-11D3-BF4B-00C04F79EFBC}") = "helloworld", "helloworld\helloworld.csproj", "{D0C46666-1B5D-422C-8302-115D10F52642}"
EndProject
Global
	GlobalSection(SolutionConfigurationPlatforms) = preSolution
		Debug|Any CPU = Debug|Any CPU
		Release|Any CPU = Release|Any CPU
	EndGlobalSection
	GlobalSection(ProjectConfigurationPlatforms) = postSolution
		{D0C46666-1B5D-422C-8302-115D10F52642}.Debug|Any CPU.ActiveCfg = Debug|Any CPU
		{D0C46666-1B5D-422C-8302-115D10F52642}.Debug|Any CPU.Build.0 = Debug|Any CPU
		{D0C46666-1B5D-422C-8302-115D10F52642}.Release|Any CPU.ActiveCfg = Release|Any CPU
		{D0C46666-1B5D-422C-8302-115D10F52642}.Release|Any CPU.Build.0 = Release|Any CPU
	EndGlobalSection
	GlobalSection(SolutionProperties) = preSolution
		HideSolutionNode = FALSE
	EndGlobalSection
	GlobalSection(ExtensibilityGlobals) = postSolution
		SolutionGuid = {0B62A69D-440E-4359-B5B6-C9E9284621B6}
	EndGlobalSection
EndGlobal
